
Microsoft Visual Studio Solution File, Format Version 12.00
# Visual Studio Version 17
VisualStudioVersion = 17.14.36408.4 d17.14
MinimumVisualStudioVersion = 10.0.40219.1
Project("{FAE04EC0-301F-11D3-BF4B-00C04F79EFBC}") = "gyak7", "gyak7.csproj", "{EC25BE71-7A5E-450F-833C-8A07EDDB3567}"
EndProject
Global
	GlobalSection(SolutionConfigurationPlatforms) = preSolution
		Debug|Any CPU = Debug|Any CPU
		Release|Any CPU = Release|Any CPU
	EndGlobalSection
	GlobalSection(ProjectConfigurationPlatforms) = postSolution
		{EC25BE71-7A5E-450F-833C-8A07EDDB3567}.Debug|Any CPU.ActiveCfg = Debug|Any CPU
		{EC25BE71-7A5E-450F-833C-8A07EDDB3567}.Debug|Any CPU.Build.0 = Debug|Any CPU
		{EC25BE71-7A5E-450F-833C-8A07EDDB3567}.Release|Any CPU.ActiveCfg = Release|Any CPU
		{EC25BE71-7A5E-450F-833C-8A07EDDB3567}.Release|Any CPU.Build.0 = Release|Any CPU
	EndGlobalSection
	GlobalSection(SolutionProperties) = preSolution
		HideSolutionNode = FALSE
	EndGlobalSection
	GlobalSection(ExtensibilityGlobals) = postSolution
		SolutionGuid = {DADF0E0C-8037-45B4-A2DE-E9772771D395}
	EndGlobalSection
EndGlobal
